
Microsoft Visual Studio Solution File, Format Version 12.00
# Visual Studio Version 17
VisualStudioVersion = 17.9.34701.34
MinimumVisualStudioVersion = 10.0.40219.1
Project("{FAE04EC0-301F-11D3-BF4B-00C04F79EFBC}") = "TrendTrackMAUI", "TrendTrackMAUI.csproj", "{87CA2266-12E4-47C2-952D-54B26B1B651C}"
EndProject
Global
	GlobalSection(SolutionConfigurationPlatforms) = preSolution
		Debug|Any CPU = Debug|Any CPU
		Release|Any CPU = Release|Any CPU
	EndGlobalSection
	GlobalSection(ProjectConfigurationPlatforms) = postSolution
		{87CA2266-12E4-47C2-952D-54B26B1B651C}.Debug|Any CPU.ActiveCfg = Debug|Any CPU
		{87CA2266-12E4-47C2-952D-54B26B1B651C}.Debug|Any CPU.Build.0 = Debug|Any CPU
		{87CA2266-12E4-47C2-952D-54B26B1B651C}.Debug|Any CPU.Deploy.0 = Debug|Any CPU
		{87CA2266-12E4-47C2-952D-54B26B1B651C}.Release|Any CPU.ActiveCfg = Release|Any CPU
		{87CA2266-12E4-47C2-952D-54B26B1B651C}.Release|Any CPU.Build.0 = Release|Any CPU
		{87CA2266-12E4-47C2-952D-54B26B1B651C}.Release|Any CPU.Deploy.0 = Release|Any CPU
	EndGlobalSection
	GlobalSection(SolutionProperties) = preSolution
		HideSolutionNode = FALSE
	EndGlobalSection
	GlobalSection(ExtensibilityGlobals) = postSolution
		SolutionGuid = {B4145CAA-30FD-4A2B-A6D4-5B57ED51AF2E}
	EndGlobalSection
EndGlobal
